
Microsoft Visual Studio Solution File, Format Version 12.00
# Visual Studio Version 17
VisualStudioVersion = 17.6.33829.357
MinimumVisualStudioVersion = 10.0.40219.1
Project("{9A19103F-16F7-4668-BE54-9A1E7A4F7556}") = "BetterSanctum", "BetterSanctum.csproj", "{A59A05CE-278B-44D0-82D0-87A7EB61BD6E}"
EndProject
Global
	GlobalSection(SolutionConfigurationPlatforms) = preSolution
		Debug|Any CPU = Debug|Any CPU
		Release|Any CPU = Release|Any CPU
	EndGlobalSection
	GlobalSection(ProjectConfigurationPlatforms) = postSolution
		{A59A05CE-278B-44D0-82D0-87A7EB61BD6E}.Debug|Any CPU.ActiveCfg = Debug|Any CPU
		{A59A05CE-278B-44D0-82D0-87A7EB61BD6E}.Debug|Any CPU.Build.0 = Debug|Any CPU
		{A59A05CE-278B-44D0-82D0-87A7EB61BD6E}.Release|Any CPU.ActiveCfg = Release|Any CPU
		{A59A05CE-278B-44D0-82D0-87A7EB61BD6E}.Release|Any CPU.Build.0 = Release|Any CPU
	EndGlobalSection
	GlobalSection(SolutionProperties) = preSolution
		HideSolutionNode = FALSE
	EndGlobalSection
	GlobalSection(ExtensibilityGlobals) = postSolution
		SolutionGuid = {6E4C15F5-6520-4780-94CD-51E83C613E8C}
	EndGlobalSection
EndGlobal
